
Microsoft Visual Studio Solution File, Format Version 12.00
# Visual Studio Version 16
VisualStudioVersion = 16.0.29215.179
MinimumVisualStudioVersion = 10.0.40219.1
Project("{FAE04EC0-301F-11D3-BF4B-00C04F79EFBC}") = "3D", "3D\3D.csproj", "{1821986C-15D5-4FE3-A7D5-F0336BD20312}"
EndProject
Global
	GlobalSection(SolutionConfigurationPlatforms) = preSolution
		Debug|Any CPU = Debug|Any CPU
		Release|Any CPU = Release|Any CPU
	EndGlobalSection
	GlobalSection(ProjectConfigurationPlatforms) = postSolution
		{1821986C-15D5-4FE3-A7D5-F0336BD20312}.Debug|Any CPU.ActiveCfg = Debug|Any CPU
		{1821986C-15D5-4FE3-A7D5-F0336BD20312}.Debug|Any CPU.Build.0 = Debug|Any CPU
		{1821986C-15D5-4FE3-A7D5-F0336BD20312}.Release|Any CPU.ActiveCfg = Release|Any CPU
		{1821986C-15D5-4FE3-A7D5-F0336BD20312}.Release|Any CPU.Build.0 = Release|Any CPU
	EndGlobalSection
	GlobalSection(SolutionProperties) = preSolution
		HideSolutionNode = FALSE
	EndGlobalSection
	GlobalSection(ExtensibilityGlobals) = postSolution
		SolutionGuid = {653E08D0-CFD7-4C3F-8635-3631BE6E9549}
	EndGlobalSection
EndGlobal
